
Microsoft Visual Studio Solution File, Format Version 12.00
# Visual Studio Version 16
VisualStudioVersion = 25.0.1704.2
MinimumVisualStudioVersion = 10.0.40219.1
Project("{FAE04EC0-301F-11D3-BF4B-00C04F79EFBC}") = "FirstHW", "FirstHW\FirstHW.csproj", "{43252AD2-E852-4632-9BA6-575F95E48FBC}"
EndProject
Global
	GlobalSection(SolutionConfigurationPlatforms) = preSolution
		Debug|Any CPU = Debug|Any CPU
		Release|Any CPU = Release|Any CPU
	EndGlobalSection
	GlobalSection(ProjectConfigurationPlatforms) = postSolution
		{43252AD2-E852-4632-9BA6-575F95E48FBC}.Debug|Any CPU.ActiveCfg = Debug|Any CPU
		{43252AD2-E852-4632-9BA6-575F95E48FBC}.Debug|Any CPU.Build.0 = Debug|Any CPU
		{43252AD2-E852-4632-9BA6-575F95E48FBC}.Release|Any CPU.ActiveCfg = Release|Any CPU
		{43252AD2-E852-4632-9BA6-575F95E48FBC}.Release|Any CPU.Build.0 = Release|Any CPU
	EndGlobalSection
	GlobalSection(SolutionProperties) = preSolution
		HideSolutionNode = FALSE
	EndGlobalSection
	GlobalSection(ExtensibilityGlobals) = postSolution
		SolutionGuid = {62381140-4416-42B2-B624-C062F2307D6C}
	EndGlobalSection
EndGlobal
